
Microsoft Visual Studio Solution File, Format Version 12.00
# Visual Studio Version 17
VisualStudioVersion = 17.10.35013.160
MinimumVisualStudioVersion = 10.0.40219.1
Project("{F184B08F-C81C-45F6-A57F-5ABD9991F28F}") = "SlidelyFormApp", "SlidelyFormApp\SlidelyFormApp.vbproj", "{2E9B5868-104C-4AF9-9C68-8C7BCD48B705}"
EndProject
Global
	GlobalSection(SolutionConfigurationPlatforms) = preSolution
		Debug|Any CPU = Debug|Any CPU
		Release|Any CPU = Release|Any CPU
	EndGlobalSection
	GlobalSection(ProjectConfigurationPlatforms) = postSolution
		{2E9B5868-104C-4AF9-9C68-8C7BCD48B705}.Debug|Any CPU.ActiveCfg = Debug|Any CPU
		{2E9B5868-104C-4AF9-9C68-8C7BCD48B705}.Debug|Any CPU.Build.0 = Debug|Any CPU
		{2E9B5868-104C-4AF9-9C68-8C7BCD48B705}.Release|Any CPU.ActiveCfg = Release|Any CPU
		{2E9B5868-104C-4AF9-9C68-8C7BCD48B705}.Release|Any CPU.Build.0 = Release|Any CPU
	EndGlobalSection
	GlobalSection(SolutionProperties) = preSolution
		HideSolutionNode = FALSE
	EndGlobalSection
	GlobalSection(ExtensibilityGlobals) = postSolution
		SolutionGuid = {488A2ECF-D8C0-411F-B03D-CE77EE04AB70}
	EndGlobalSection
EndGlobal
